
Microsoft Visual Studio Solution File, Format Version 12.00
# Visual Studio Version 17
VisualStudioVersion = 17.7.34024.191
MinimumVisualStudioVersion = 10.0.40219.1
Project("{8BC9CEB8-8B4A-11D0-8D11-00A0C91BC942}") = "Lab03_GameEngine", "Lab03_GameEngine\Lab03_GameEngine.vcxproj", "{B88AFD59-35B3-4D81-9C25-5CF3AD70F17D}"
EndProject
Global
	GlobalSection(SolutionConfigurationPlatforms) = preSolution
		Debug|x64 = Debug|x64
		Debug|x86 = Debug|x86
		Release|x64 = Release|x64
		Release|x86 = Release|x86
	EndGlobalSection
	GlobalSection(ProjectConfigurationPlatforms) = postSolution
		{B88AFD59-35B3-4D81-9C25-5CF3AD70F17D}.Debug|x64.ActiveCfg = Debug|x64
		{B88AFD59-35B3-4D81-9C25-5CF3AD70F17D}.Debug|x64.Build.0 = Debug|x64
		{B88AFD59-35B3-4D81-9C25-5CF3AD70F17D}.Debug|x86.ActiveCfg = Debug|Win32
		{B88AFD59-35B3-4D81-9C25-5CF3AD70F17D}.Debug|x86.Build.0 = Debug|Win32
		{B88AFD59-35B3-4D81-9C25-5CF3AD70F17D}.Release|x64.ActiveCfg = Release|x64
		{B88AFD59-35B3-4D81-9C25-5CF3AD70F17D}.Release|x64.Build.0 = Release|x64
		{B88AFD59-35B3-4D81-9C25-5CF3AD70F17D}.Release|x86.ActiveCfg = Release|Win32
		{B88AFD59-35B3-4D81-9C25-5CF3AD70F17D}.Release|x86.Build.0 = Release|Win32
	EndGlobalSection
	GlobalSection(SolutionProperties) = preSolution
		HideSolutionNode = FALSE
	EndGlobalSection
	GlobalSection(ExtensibilityGlobals) = postSolution
		SolutionGuid = {6370EF6D-C4DB-42CA-9286-64E00D7D35E5}
	EndGlobalSection
EndGlobal
